Microsoft Visual Studio Solution File, Format Version 12.00
# Visual Studio Version 17
VisualStudioVersion = 17.5.2.0
MinimumVisualStudioVersion = 10.0.40219.1
Project("{FAE04EC0-301F-11D3-BF4B-00C04F79EFBC}") = "encuestasgym", "encuestasgym.csproj", "{128DF29D-5D1C-2FE0-3C60-BEB260EFCAE7}"
EndProject
Global
	GlobalSection(SolutionConfigurationPlatforms) = preSolution
		Debug|Any CPU = Debug|Any CPU
		Release|Any CPU = Release|Any CPU
	EndGlobalSection
	GlobalSection(ProjectConfigurationPlatforms) = postSolution
		{128DF29D-5D1C-2FE0-3C60-BEB260EFCAE7}.Debug|Any CPU.ActiveCfg = Debug|Any CPU
		{128DF29D-5D1C-2FE0-3C60-BEB260EFCAE7}.Debug|Any CPU.Build.0 = Debug|Any CPU
		{128DF29D-5D1C-2FE0-3C60-BEB260EFCAE7}.Release|Any CPU.ActiveCfg = Release|Any CPU
		{128DF29D-5D1C-2FE0-3C60-BEB260EFCAE7}.Release|Any CPU.Build.0 = Release|Any CPU
	EndGlobalSection
	GlobalSection(SolutionProperties) = preSolution
		HideSolutionNode = FALSE
	EndGlobalSection
	GlobalSection(ExtensibilityGlobals) = postSolution
		SolutionGuid = {42591E64-5575-4661-9503-72F0532B4846}
	EndGlobalSection
EndGlobal
